// !$*UTF8*$!
{
	archiveVersion = 1;
	classes = {
	};
	objectVersion = 46;
	objects = {

/* Begin PBXBuildFile section */
		0C00BC761B976805009759DD /* bgCards@2x.png in Resources */ = {isa = PBXBuildFile; fileRef = 0C00BC751B976805009759DD /* bgCards@2x.png */; };
		0C0892871B7A8D6B00D40207 /* banner@2x.png in Resources */ = {isa = PBXBuildFile; fileRef = 0C0892861B7A8D6B00D40207 /* banner@2x.png */; };
		0C11D85D1B3497B600ED7C78 /* PSArticle.m in Sources */ = {isa = PBXBuildFile; fileRef = 0C11D85C1B3497B600ED7C78 /* PSArticle.m */; };
		0C43D5751B7E70B400002820 /* iconAccount@2x.png in Resources */ = {isa = PBXBuildFile; fileRef = 0C43D5741B7E70B400002820 /* iconAccount@2x.png */; };
		0C43D5791B7E720C00002820 /* iconSaved@2x.png in Resources */ = {isa = PBXBuildFile; fileRef = 0C43D5781B7E720C00002820 /* iconSaved@2x.png */; };
		0C43D57B1B7E725800002820 /* iconRelated@2x.png in Resources */ = {isa = PBXBuildFile; fileRef = 0C43D57A1B7E725800002820 /* iconRelated@2x.png */; };
		0C43D57D1B7E72CE00002820 /* iconSearch@2x.png in Resources */ = {isa = PBXBuildFile; fileRef = 0C43D57C1B7E72CE00002820 /* iconSearch@2x.png */; };
		0C43D57F1B7E735700002820 /* iconRandom@2x.png in Resources */ = {isa = PBXBuildFile; fileRef = 0C43D57E1B7E735700002820 /* iconRandom@2x.png */; };
		0C43D5811B7E73A800002820 /* iconAbout@2x.png in Resources */ = {isa = PBXBuildFile; fileRef = 0C43D5801B7E73A800002820 /* iconAbout@2x.png */; };
		0C4AE7751B309D0400EF5429 /* PSDevice.m in Sources */ = {isa = PBXBuildFile; fileRef = 0C4AE7741B309D0400EF5429 /* PSDevice.m */; };
		0C58046D1B6FDD1F00D87F12 /* backgroundLights@2x.png in Resources */ = {isa = PBXBuildFile; fileRef = 0C5804681B6FDD1F00D87F12 /* backgroundLights@2x.png */; };
		0C58046E1B6FDD1F00D87F12 /* bgCoffee@2x.png in Resources */ = {isa = PBXBuildFile; fileRef = 0C5804691B6FDD1F00D87F12 /* bgCoffee@2x.png */; };
		0C58046F1B6FDD1F00D87F12 /* bgLosAngeles@2x.png in Resources */ = {isa = PBXBuildFile; fileRef = 0C58046A1B6FDD1F00D87F12 /* bgLosAngeles@2x.png */; };
		0C5804721B6FDEAC00D87F12 /* PSLoginViewController.m in Sources */ = {isa = PBXBuildFile; fileRef = 0C5804711B6FDEAC00D87F12 /* PSLoginViewController.m */; };
		0C635EA21B28E4A000343157 /* Reachability.m in Sources */ = {isa = PBXBuildFile; fileRef = 0C635E9F1B28E4A000343157 /* Reachability.m */; };
		0C635EA31B28E4A000343157 /* SignalCheck.m in Sources */ = {isa = PBXBuildFile; fileRef = 0C635EA11B28E4A000343157 /* SignalCheck.m */; };
		0C635EB81B28E4D800343157 /* AFHTTPRequestOperation.m in Sources */ = {isa = PBXBuildFile; fileRef = 0C635EA61B28E4D800343157 /* AFHTTPRequestOperation.m */; };
		0C635EB91B28E4D800343157 /* AFHTTPRequestOperationManager.m in Sources */ = {isa = PBXBuildFile; fileRef = 0C635EA81B28E4D800343157 /* AFHTTPRequestOperationManager.m */; };
		0C635EBA1B28E4D800343157 /* AFHTTPSessionManager.m in Sources */ = {isa = PBXBuildFile; fileRef = 0C635EAA1B28E4D800343157 /* AFHTTPSessionManager.m */; };
		0C635EBB1B28E4D800343157 /* AFNetworkReachabilityManager.m in Sources */ = {isa = PBXBuildFile; fileRef = 0C635EAD1B28E4D800343157 /* AFNetworkReachabilityManager.m */; };
		0C635EBC1B28E4D800343157 /* AFSecurityPolicy.m in Sources */ = {isa = PBXBuildFile; fileRef = 0C635EAF1B28E4D800343157 /* AFSecurityPolicy.m */; };
		0C635EBD1B28E4D800343157 /* AFURLConnectionOperation.m in Sources */ = {isa = PBXBuildFile; fileRef = 0C635EB11B28E4D800343157 /* AFURLConnectionOperation.m */; };
		0C635EBE1B28E4D800343157 /* AFURLRequestSerialization.m in Sources */ = {isa = PBXBuildFile; fileRef = 0C635EB31B28E4D800343157 /* AFURLRequestSerialization.m */; };
		0C635EBF1B28E4D800343157 /* AFURLResponseSerialization.m in Sources */ = {isa = PBXBuildFile; fileRef = 0C635EB51B28E4D800343157 /* AFURLResponseSerialization.m */; };
		0C635EC01B28E4D800343157 /* AFURLSessionManager.m in Sources */ = {isa = PBXBuildFile; fileRef = 0C635EB71B28E4D800343157 /* AFURLSessionManager.m */; };
		0C64595D1B0D9EFA00D22151 /* main.m in Sources */ = {isa = PBXBuildFile; fileRef = 0C64595C1B0D9EFA00D22151 /* main.m */; };
		0C6459601B0D9EFA00D22151 /* AppDelegate.m in Sources */ = {isa = PBXBuildFile; fileRef = 0C64595F1B0D9EFA00D22151 /* AppDelegate.m */; };
		0C6459681B0D9EFA00D22151 /* Images.xcassets in Resources */ = {isa = PBXBuildFile; fileRef = 0C6459671B0D9EFA00D22151 /* Images.xcassets */; };
		0C6459771B0D9EFA00D22151 /* PubSavvySwipeTests.m in Sources */ = {isa = PBXBuildFile; fileRef = 0C6459761B0D9EFA00D22151 /* PubSavvySwipeTests.m */; };
		0C73B8C11B45EC7500D1099F /* PSSearchViewController.m in Sources */ = {isa = PBXBuildFile; fileRef = 0C73B8C01B45EC7500D1099F /* PSSearchViewController.m */; };
		0C73B8C41B45F87700D1099F /* PSArticleViewController.m in Sources */ = {isa = PBXBuildFile; fileRef = 0C73B8C31B45F87700D1099F /* PSArticleViewController.m */; };
		0C73B8C71B45FD4400D1099F /* PSSavedViewController.m in Sources */ = {isa = PBXBuildFile; fileRef = 0C73B8C61B45FD4400D1099F /* PSSavedViewController.m */; };
		0C75EE4C1B9E0B0F0044920A /* PCSearchTermCell.m in Sources */ = {isa = PBXBuildFile; fileRef = 0C75EE4B1B9E0B0F0044920A /* PCSearchTermCell.m */; };
		0C7C59E51B86828000B3793F /* PSArticleCell.m in Sources */ = {isa = PBXBuildFile; fileRef = 0C7C59E41B86828000B3793F /* PSArticleCell.m */; };
		0CA2BE641B0DA277004B4D81 /* PSViewController.m in Sources */ = {isa = PBXBuildFile; fileRef = 0CA2BE631B0DA277004B4D81 /* PSViewController.m */; };
		0CA2BE671B0DA2AA004B4D81 /* PSContainerViewController.m in Sources */ = {isa = PBXBuildFile; fileRef = 0CA2BE661B0DA2AA004B4D81 /* PSContainerViewController.m */; };
		0CA2BE6A1B0DA343004B4D81 /* PSLoadingIndicator.m in Sources */ = {isa = PBXBuildFile; fileRef = 0CA2BE691B0DA343004B4D81 /* PSLoadingIndicator.m */; };
		0CA2BE6D1B0DA37D004B4D81 /* PSWebServices.m in Sources */ = {isa = PBXBuildFile; fileRef = 0CA2BE6C1B0DA37D004B4D81 /* PSWebServices.m */; };
		0CA2BE6F1B0DA458004B4D81 /* Default-568h@2x.png in Resources */ = {isa = PBXBuildFile; fileRef = 0CA2BE6E1B0DA458004B4D81 /* Default-568h@2x.png */; };
		0CA2BE731B0DA5A9004B4D81 /* PSFeaturedArticlesViewController.m in Sources */ = {isa = PBXBuildFile; fileRef = 0CA2BE721B0DA5A9004B4D81 /* PSFeaturedArticlesViewController.m */; };
		0CA2BE751B0DABE6004B4D81 /* logo-white@2x.png in Resources */ = {isa = PBXBuildFile; fileRef = 0CA2BE741B0DABE6004B4D81 /* logo-white@2x.png */; };
		0CA2BE781B0DAC8D004B4D81 /* iconHamburger@2x.png in Resources */ = {isa = PBXBuildFile; fileRef = 0CA2BE761B0DAC8D004B4D81 /* iconHamburger@2x.png */; };
		0CA2BE791B0DAC8D004B4D81 /* backArrow@2x.png in Resources */ = {isa = PBXBuildFile; fileRef = 0CA2BE771B0DAC8D004B4D81 /* backArrow@2x.png */; };
		0CA2BE7B1B0DACAA004B4D81 /* dots@2x.png in Resources */ = {isa = PBXBuildFile; fileRef = 0CA2BE7A1B0DACAA004B4D81 /* dots@2x.png */; };
		0CA2BE7E1B0DAEA1004B4D81 /* PSArticleView.m in Sources */ = {isa = PBXBuildFile; fileRef = 0CA2BE7D1B0DAEA1004B4D81 /* PSArticleView.m */; };
		0CA2BE811B0DB608004B4D81 /* UIView+draggable.m in Sources */ = {isa = PBXBuildFile; fileRef = 0CA2BE801B0DB608004B4D81 /* UIView+draggable.m */; };
		0CA3B81F1B6FB209004F61DB /* PSRelatedViewController.m in Sources */ = {isa = PBXBuildFile; fileRef = 0CA3B81E1B6FB209004F61DB /* PSRelatedViewController.m */; };
		0CA3B8231B6FCB4A004F61DB /* PSProfile.m in Sources */ = {isa = PBXBuildFile; fileRef = 0CA3B8221B6FCB4A004F61DB /* PSProfile.m */; };
		0CB386861B4D01540036F072 /* PSWebViewController.m in Sources */ = {isa = PBXBuildFile; fileRef = 0CB386851B4D01540036F072 /* PSWebViewController.m */; };
		0CC13D151BA2487300DC0896 /* PSAboutViewController.m in Sources */ = {isa = PBXBuildFile; fileRef = 0CC13D141BA2487300DC0896 /* PSAboutViewController.m */; };
		0CC13D191BA24B2200DC0896 /* bgAbout@2x.png in Resources */ = {isa = PBXBuildFile; fileRef = 0CC13D181BA24B2200DC0896 /* bgAbout@2x.png */; };
		0CF0C3221B97F8B100DF7EC0 /* lockOpen@2x.png in Resources */ = {isa = PBXBuildFile; fileRef = 0CF0C3211B97F8B100DF7EC0 /* lockOpen@2x.png */; };
		0CF0C3241B97FB9D00DF7EC0 /* lockClosed@2x.png in Resources */ = {isa = PBXBuildFile; fileRef = 0CF0C3231B97FB9D00DF7EC0 /* lockClosed@2x.png */; };
		0CF0C3261B97FE8D00DF7EC0 /* bgCardsGray@2x.png in Resources */ = {isa = PBXBuildFile; fileRef = 0CF0C3251B97FE8D00DF7EC0 /* bgCardsGray@2x.png */; };
/* End PBXBuildFile section */

/* Begin PBXContainerItemProxy section */
		0C6459711B0D9EFA00D22151 /* PBXContainerItemProxy */ = {
			isa = PBXContainerItemProxy;
			containerPortal = 0C64594F1B0D9EFA00D22151 /* Project object */;
			proxyType = 1;
			remoteGlobalIDString = 0C6459561B0D9EFA00D22151;
			remoteInfo = PubSavvySwipe;
		};
/* End PBXContainerItemProxy section */

/* Begin PBXFileReference section */
		0C00BC751B976805009759DD /* bgCards@2x.png */ = {isa = PBXFileReference; lastKnownFileType = image.png; path = "bgCards@2x.png"; sourceTree = "<group>"; };
		0C0892861B7A8D6B00D40207 /* banner@2x.png */ = {isa = PBXFileReference; lastKnownFileType = image.png; path = "banner@2x.png"; sourceTree = "<group>"; };
		0C11D85B1B3497B600ED7C78 /* PSArticle.h */ = {isa = PBXFileReference; fileEncoding = 4; lastKnownFileType = sourcecode.c.h; path = PSArticle.h; sourceTree = "<group>"; };
		0C11D85C1B3497B600ED7C78 /* PSArticle.m */ = {isa = PBXFileReference; fileEncoding = 4; lastKnownFileType = sourcecode.c.objc; path = PSArticle.m; sourceTree = "<group>"; };
		0C43D5741B7E70B400002820 /* iconAccount@2x.png */ = {isa = PBXFileReference; lastKnownFileType = image.png; path = "iconAccount@2x.png"; sourceTree = "<group>"; };
		0C43D5781B7E720C00002820 /* iconSaved@2x.png */ = {isa = PBXFileReference; lastKnownFileType = image.png; path = "iconSaved@2x.png"; sourceTree = "<group>"; };
		0C43D57A1B7E725800002820 /* iconRelated@2x.png */ = {isa = PBXFileReference; lastKnownFileType = image.png; path = "iconRelated@2x.png"; sourceTree = "<group>"; };
		0C43D57C1B7E72CE00002820 /* iconSearch@2x.png */ = {isa = PBXFileReference; lastKnownFileType = image.png; path = "iconSearch@2x.png"; sourceTree = "<group>"; };
		0C43D57E1B7E735700002820 /* iconRandom@2x.png */ = {isa = PBXFileReference; lastKnownFileType = image.png; path = "iconRandom@2x.png"; sourceTree = "<group>"; };
		0C43D5801B7E73A800002820 /* iconAbout@2x.png */ = {isa = PBXFileReference; lastKnownFileType = image.png; path = "iconAbout@2x.png"; sourceTree = "<group>"; };
		0C4AE7731B309D0400EF5429 /* PSDevice.h */ = {isa = PBXFileReference; fileEncoding = 4; lastKnownFileType = sourcecode.c.h; path = PSDevice.h; sourceTree = "<group>"; };
		0C4AE7741B309D0400EF5429 /* PSDevice.m */ = {isa = PBXFileReference; fileEncoding = 4; lastKnownFileType = sourcecode.c.objc; path = PSDevice.m; sourceTree = "<group>"; };
		0C5804681B6FDD1F00D87F12 /* backgroundLights@2x.png */ = {isa = PBXFileReference; lastKnownFileType = image.png; path = "backgroundLights@2x.png"; sourceTree = "<group>"; };
		0C5804691B6FDD1F00D87F12 /* bgCoffee@2x.png */ = {isa = PBXFileReference; lastKnownFileType = image.png; path = "bgCoffee@2x.png"; sourceTree = "<group>"; };
		0C58046A1B6FDD1F00D87F12 /* bgLosAngeles@2x.png */ = {isa = PBXFileReference; lastKnownFileType = image.png; path = "bgLosAngeles@2x.png"; sourceTree = "<group>"; };
		0C5804701B6FDEAC00D87F12 /* PSLoginViewController.h */ = {isa = PBXFileReference; fileEncoding = 4; lastKnownFileType = sourcecode.c.h; path = PSLoginViewController.h; sourceTree = "<group>"; };
		0C5804711B6FDEAC00D87F12 /* PSLoginViewController.m */ = {isa = PBXFileReference; fileEncoding = 4; lastKnownFileType = sourcecode.c.objc; path = PSLoginViewController.m; sourceTree = "<group>"; };
		0C635E9E1B28E4A000343157 /* Reachability.h */ = {isa = PBXFileReference; fileEncoding = 4; lastKnownFileType = sourcecode.c.h; path = Reachability.h; sourceTree = "<group>"; };
		0C635E9F1B28E4A000343157 /* Reachability.m */ = {isa = PBXFileReference; fileEncoding = 4; lastKnownFileType = sourcecode.c.objc; path = Reachability.m; sourceTree = "<group>"; };
		0C635EA01B28E4A000343157 /* SignalCheck.h */ = {isa = PBXFileReference; fileEncoding = 4; lastKnownFileType = sourcecode.c.h; path = SignalCheck.h; sourceTree = "<group>"; };
		0C635EA11B28E4A000343157 /* SignalCheck.m */ = {isa = PBXFileReference; fileEncoding = 4; lastKnownFileType = sourcecode.c.objc; path = SignalCheck.m; sourceTree = "<group>"; };
		0C635EA51B28E4D800343157 /* AFHTTPRequestOperation.h */ = {isa = PBXFileReference; fileEncoding = 4; lastKnownFileType = sourcecode.c.h; path = AFHTTPRequestOperation.h; sourceTree = "<group>"; };
		0C635EA61B28E4D800343157 /* AFHTTPRequestOperation.m */ = {isa = PBXFileReference; fileEncoding = 4; lastKnownFileType = sourcecode.c.objc; path = AFHTTPRequestOperation.m; sourceTree = "<group>"; };
		0C635EA71B28E4D800343157 /* AFHTTPRequestOperationManager.h */ = {isa = PBXFileReference; fileEncoding = 4; lastKnownFileType = sourcecode.c.h; path = AFHTTPRequestOperationManager.h; sourceTree = "<group>"; };
		0C635EA81B28E4D800343157 /* AFHTTPRequestOperationManager.m */ = {isa = PBXFileReference; fileEncoding = 4; lastKnownFileType = sourcecode.c.objc; path = AFHTTPRequestOperationManager.m; sourceTree = "<group>"; };
		0C635EA91B28E4D800343157 /* AFHTTPSessionManager.h */ = {isa = PBXFileReference; fileEncoding = 4; lastKnownFileType = sourcecode.c.h; path = AFHTTPSessionManager.h; sourceTree = "<group>"; };
		0C635EAA1B28E4D800343157 /* AFHTTPSessionManager.m */ = {isa = PBXFileReference; fileEncoding = 4; lastKnownFileType = sourcecode.c.objc; path = AFHTTPSessionManager.m; sourceTree = "<group>"; };
		0C635EAB1B28E4D800343157 /* AFNetworking.h */ = {isa = PBXFileReference; fileEncoding = 4; lastKnownFileType = sourcecode.c.h; path = AFNetworking.h; sourceTree = "<group>"; };
		0C635EAC1B28E4D800343157 /* AFNetworkReachabilityManager.h */ = {isa = PBXFileReference; fileEncoding = 4; lastKnownFileType = sourcecode.c.h; path = AFNetworkReachabilityManager.h; sourceTree = "<group>"; };
		0C635EAD1B28E4D800343157 /* AFNetworkReachabilityManager.m */ = {isa = PBXFileReference; fileEncoding = 4; lastKnownFileType = sourcecode.c.objc; path = AFNetworkReachabilityManager.m; sourceTree = "<group>"; };
		0C635EAE1B28E4D800343157 /* AFSecurityPolicy.h */ = {isa = PBXFileReference; fileEncoding = 4; lastKnownFileType = sourcecode.c.h; path = AFSecurityPolicy.h; sourceTree = "<group>"; };
		0C635EAF1B28E4D800343157 /* AFSecurityPolicy.m */ = {isa = PBXFileReference; fileEncoding = 4; lastKnownFileType = sourcecode.c.objc; path = AFSecurityPolicy.m; sourceTree = "<group>"; };
		0C635EB01B28E4D800343157 /* AFURLConnectionOperation.h */ = {isa = PBXFileReference; fileEncoding = 4; lastKnownFileType = sourcecode.c.h; path = AFURLConnectionOperation.h; sourceTree = "<group>"; };
		0C635EB11B28E4D800343157 /* AFURLConnectionOperation.m */ = {isa = PBXFileReference; fileEncoding = 4; lastKnownFileType = sourcecode.c.objc; path = AFURLConnectionOperation.m; sourceTree = "<group>"; };
		0C635EB21B28E4D800343157 /* AFURLRequestSerialization.h */ = {isa = PBXFileReference; fileEncoding = 4; lastKnownFileType = sourcecode.c.h; path = AFURLRequestSerialization.h; sourceTree = "<group>"; };
		0C635EB31B28E4D800343157 /* AFURLRequestSerialization.m */ = {isa = PBXFileReference; fileEncoding = 4; lastKnownFileType = sourcecode.c.objc; path = AFURLRequestSerialization.m; sourceTree = "<group>"; };
		0C635EB41B28E4D800343157 /* AFURLResponseSerialization.h */ = {isa = PBXFileReference; fileEncoding = 4; lastKnownFileType = sourcecode.c.h; path = AFURLResponseSerialization.h; sourceTree = "<group>"; };
		0C635EB51B28E4D800343157 /* AFURLResponseSerialization.m */ = {isa = PBXFileReference; fileEncoding = 4; lastKnownFileType = sourcecode.c.objc; path = AFURLResponseSerialization.m; sourceTree = "<group>"; };
		0C635EB61B28E4D800343157 /* AFURLSessionManager.h */ = {isa = PBXFileReference; fileEncoding = 4; lastKnownFileType = sourcecode.c.h; path = AFURLSessionManager.h; sourceTree = "<group>"; };
		0C635EB71B28E4D800343157 /* AFURLSessionManager.m */ = {isa = PBXFileReference; fileEncoding = 4; lastKnownFileType = sourcecode.c.objc; path = AFURLSessionManager.m; sourceTree = "<group>"; };
		0C6459571B0D9EFA00D22151 /* PubSavvySwipe.app */ = {isa = PBXFileReference; explicitFileType = wrapper.application; includeInIndex = 0; path = PubSavvySwipe.app; sourceTree = BUILT_PRODUCTS_DIR; };
		0C64595B1B0D9EFA00D22151 /* Info.plist */ = {isa = PBXFileReference; lastKnownFileType = text.plist.xml; path = Info.plist; sourceTree = "<group>"; };
		0C64595C1B0D9EFA00D22151 /* main.m */ = {isa = PBXFileReference; lastKnownFileType = sourcecode.c.objc; path = main.m; sourceTree = "<group>"; };
		0C64595E1B0D9EFA00D22151 /* AppDelegate.h */ = {isa = PBXFileReference; lastKnownFileType = sourcecode.c.h; path = AppDelegate.h; sourceTree = "<group>"; };
		0C64595F1B0D9EFA00D22151 /* AppDelegate.m */ = {isa = PBXFileReference; lastKnownFileType = sourcecode.c.objc; path = AppDelegate.m; sourceTree = "<group>"; };
		0C6459671B0D9EFA00D22151 /* Images.xcassets */ = {isa = PBXFileReference; lastKnownFileType = folder.assetcatalog; path = Images.xcassets; sourceTree = "<group>"; };
		0C6459701B0D9EFA00D22151 /* PubSavvySwipeTests.xctest */ = {isa = PBXFileReference; explicitFileType = wrapper.cfbundle; includeInIndex = 0; path = PubSavvySwipeTests.xctest; sourceTree = BUILT_PRODUCTS_DIR; };
		0C6459751B0D9EFA00D22151 /* Info.plist */ = {isa = PBXFileReference; lastKnownFileType = text.plist.xml; path = Info.plist; sourceTree = "<group>"; };
		0C6459761B0D9EFA00D22151 /* PubSavvySwipeTests.m */ = {isa = PBXFileReference; lastKnownFileType = sourcecode.c.objc; path = PubSavvySwipeTests.m; sourceTree = "<group>"; };
		0C73B8BF1B45EC7500D1099F /* PSSearchViewController.h */ = {isa = PBXFileReference; fileEncoding = 4; lastKnownFileType = sourcecode.c.h; path = PSSearchViewController.h; sourceTree = "<group>"; };
		0C73B8C01B45EC7500D1099F /* PSSearchViewController.m */ = {isa = PBXFileReference; fileEncoding = 4; lastKnownFileType = sourcecode.c.objc; path = PSSearchViewController.m; sourceTree = "<group>"; };
		0C73B8C21B45F87700D1099F /* PSArticleViewController.h */ = {isa = PBXFileReference; fileEncoding = 4; lastKnownFileType = sourcecode.c.h; path = PSArticleViewController.h; sourceTree = "<group>"; };
		0C73B8C31B45F87700D1099F /* PSArticleViewController.m */ = {isa = PBXFileReference; fileEncoding = 4; lastKnownFileType = sourcecode.c.objc; path = PSArticleViewController.m; sourceTree = "<group>"; };
		0C73B8C51B45FD4400D1099F /* PSSavedViewController.h */ = {isa = PBXFileReference; fileEncoding = 4; lastKnownFileType = sourcecode.c.h; path = PSSavedViewController.h; sourceTree = "<group>"; };
		0C73B8C61B45FD4400D1099F /* PSSavedViewController.m */ = {isa = PBXFileReference; fileEncoding = 4; lastKnownFileType = sourcecode.c.objc; path = PSSavedViewController.m; sourceTree = "<group>"; };
		0C75EE4A1B9E0B0F0044920A /* PCSearchTermCell.h */ = {isa = PBXFileReference; fileEncoding = 4; lastKnownFileType = sourcecode.c.h; path = PCSearchTermCell.h; sourceTree = "<group>"; };
		0C75EE4B1B9E0B0F0044920A /* PCSearchTermCell.m */ = {isa = PBXFileReference; fileEncoding = 4; lastKnownFileType = sourcecode.c.objc; path = PCSearchTermCell.m; sourceTree = "<group>"; };
		0C7C59E31B86828000B3793F /* PSArticleCell.h */ = {isa = PBXFileReference; fileEncoding = 4; lastKnownFileType = sourcecode.c.h; path = PSArticleCell.h; sourceTree = "<group>"; };
		0C7C59E41B86828000B3793F /* PSArticleCell.m */ = {isa = PBXFileReference; fileEncoding = 4; lastKnownFileType = sourcecode.c.objc; path = PSArticleCell.m; sourceTree = "<group>"; };
		0CA2BE611B0DA234004B4D81 /* Config.h */ = {isa = PBXFileReference; fileEncoding = 4; lastKnownFileType = sourcecode.c.h; path = Config.h; sourceTree = "<group>"; };
		0CA2BE621B0DA277004B4D81 /* PSViewController.h */ = {isa = PBXFileReference; fileEncoding = 4; lastKnownFileType = sourcecode.c.h; path = PSViewController.h; sourceTree = "<group>"; };
		0CA2BE631B0DA277004B4D81 /* PSViewController.m */ = {isa = PBXFileReference; fileEncoding = 4; lastKnownFileType = sourcecode.c.objc; path = PSViewController.m; sourceTree = "<group>"; };
		0CA2BE651B0DA2AA004B4D81 /* PSContainerViewController.h */ = {isa = PBXFileReference; fileEncoding = 4; lastKnownFileType = sourcecode.c.h; path = PSContainerViewController.h; sourceTree = "<group>"; };
		0CA2BE661B0DA2AA004B4D81 /* PSContainerViewController.m */ = {isa = PBXFileReference; fileEncoding = 4; lastKnownFileType = sourcecode.c.objc; path = PSContainerViewController.m; sourceTree = "<group>"; };
		0CA2BE681B0DA343004B4D81 /* PSLoadingIndicator.h */ = {isa = PBXFileReference; fileEncoding = 4; lastKnownFileType = sourcecode.c.h; path = PSLoadingIndicator.h; sourceTree = "<group>"; };
		0CA2BE691B0DA343004B4D81 /* PSLoadingIndicator.m */ = {isa = PBXFileReference; fileEncoding = 4; lastKnownFileType = sourcecode.c.objc; path = PSLoadingIndicator.m; sourceTree = "<group>"; };
		0CA2BE6B1B0DA37D004B4D81 /* PSWebServices.h */ = {isa = PBXFileReference; fileEncoding = 4; lastKnownFileType = sourcecode.c.h; path = PSWebServices.h; sourceTree = "<group>"; };
		0CA2BE6C1B0DA37D004B4D81 /* PSWebServices.m */ = {isa = PBXFileReference; fileEncoding = 4; lastKnownFileType = sourcecode.c.objc; path = PSWebServices.m; sourceTree = "<group>"; };
		0CA2BE6E1B0DA458004B4D81 /* Default-568h@2x.png */ = {isa = PBXFileReference; lastKnownFileType = image.png; path = "Default-568h@2x.png"; sourceTree = "<group>"; };
		0CA2BE711B0DA5A9004B4D81 /* PSFeaturedArticlesViewController.h */ = {isa = PBXFileReference; fileEncoding = 4; lastKnownFileType = sourcecode.c.h; path = PSFeaturedArticlesViewController.h; sourceTree = "<group>"; };
		0CA2BE721B0DA5A9004B4D81 /* PSFeaturedArticlesViewController.m */ = {isa = PBXFileReference; fileEncoding = 4; lastKnownFileType = sourcecode.c.objc; path = PSFeaturedArticlesViewController.m; sourceTree = "<group>"; };
		0CA2BE741B0DABE6004B4D81 /* logo-white@2x.png */ = {isa = PBXFileReference; lastKnownFileType = image.png; path = "logo-white@2x.png"; sourceTree = "<group>"; };
		0CA2BE761B0DAC8D004B4D81 /* iconHamburger@2x.png */ = {isa = PBXFileReference; lastKnownFileType = image.png; path = "iconHamburger@2x.png"; sourceTree = "<group>"; };
		0CA2BE771B0DAC8D004B4D81 /* backArrow@2x.png */ = {isa = PBXFileReference; lastKnownFileType = image.png; path = "backArrow@2x.png"; sourceTree = "<group>"; };
		0CA2BE7A1B0DACAA004B4D81 /* dots@2x.png */ = {isa = PBXFileReference; lastKnownFileType = image.png; path = "dots@2x.png"; sourceTree = "<group>"; };
		0CA2BE7C1B0DAEA1004B4D81 /* PSArticleView.h */ = {isa = PBXFileReference; fileEncoding = 4; lastKnownFileType = sourcecode.c.h; path = PSArticleView.h; sourceTree = "<group>"; };
		0CA2BE7D1B0DAEA1004B4D81 /* PSArticleView.m */ = {isa = PBXFileReference; fileEncoding = 4; lastKnownFileType = sourcecode.c.objc; path = PSArticleView.m; sourceTree = "<group>"; };
		0CA2BE7F1B0DB608004B4D81 /* UIView+draggable.h */ = {isa = PBXFileReference; fileEncoding = 4; lastKnownFileType = sourcecode.c.h; path = "UIView+draggable.h"; sourceTree = "<group>"; };
		0CA2BE801B0DB608004B4D81 /* UIView+draggable.m */ = {isa = PBXFileReference; fileEncoding = 4; lastKnownFileType = sourcecode.c.objc; path = "UIView+draggable.m"; sourceTree = "<group>"; };
		0CA3B81D1B6FB209004F61DB /* PSRelatedViewController.h */ = {isa = PBXFileReference; fileEncoding = 4; lastKnownFileType = sourcecode.c.h; path = PSRelatedViewController.h; sourceTree = "<group>"; };
		0CA3B81E1B6FB209004F61DB /* PSRelatedViewController.m */ = {isa = PBXFileReference; fileEncoding = 4; lastKnownFileType = sourcecode.c.objc; path = PSRelatedViewController.m; sourceTree = "<group>"; };
		0CA3B8211B6FCB4A004F61DB /* PSProfile.h */ = {isa = PBXFileReference; fileEncoding = 4; lastKnownFileType = sourcecode.c.h; path = PSProfile.h; sourceTree = "<group>"; };
		0CA3B8221B6FCB4A004F61DB /* PSProfile.m */ = {isa = PBXFileReference; fileEncoding = 4; lastKnownFileType = sourcecode.c.objc; path = PSProfile.m; sourceTree = "<group>"; };
		0CB386841B4D01540036F072 /* PSWebViewController.h */ = {isa = PBXFileReference; fileEncoding = 4; lastKnownFileType = sourcecode.c.h; path = PSWebViewController.h; sourceTree = "<group>"; };
		0CB386851B4D01540036F072 /* PSWebViewController.m */ = {isa = PBXFileReference; fileEncoding = 4; lastKnownFileType = sourcecode.c.objc; path = PSWebViewController.m; sourceTree = "<group>"; };
		0CC13D131BA2487300DC0896 /* PSAboutViewController.h */ = {isa = PBXFileReference; fileEncoding = 4; lastKnownFileType = sourcecode.c.h; path = PSAboutViewController.h; sourceTree = "<group>"; };
		0CC13D141BA2487300DC0896 /* PSAboutViewController.m */ = {isa = PBXFileReference; fileEncoding = 4; lastKnownFileType = sourcecode.c.objc; path = PSAboutViewController.m; sourceTree = "<group>"; };
		0CC13D181BA24B2200DC0896 /* bgAbout@2x.png */ = {isa = PBXFileReference; lastKnownFileType = image.png; path = "bgAbout@2x.png"; sourceTree = "<group>"; };
		0CF0C3211B97F8B100DF7EC0 /* lockOpen@2x.png */ = {isa = PBXFileReference; lastKnownFileType = image.png; path = "lockOpen@2x.png"; sourceTree = "<group>"; };
		0CF0C3231B97FB9D00DF7EC0 /* lockClosed@2x.png */ = {isa = PBXFileReference; lastKnownFileType = image.png; path = "lockClosed@2x.png"; sourceTree = "<group>"; };
		0CF0C3251B97FE8D00DF7EC0 /* bgCardsGray@2x.png */ = {isa = PBXFileReference; lastKnownFileType = image.png; path = "bgCardsGray@2x.png"; sourceTree = "<group>"; };
/* End PBXFileReference section */

/* Begin PBXFrameworksBuildPhase section */
		0C6459541B0D9EFA00D22151 /* Frameworks */ = {
			isa = PBXFrameworksBuildPhase;
			buildActionMask = 2147483647;
			files = (
			);
			runOnlyForDeploymentPostprocessing = 0;
		};
		0C64596D1B0D9EFA00D22151 /* Frameworks */ = {
			isa = PBXFrameworksBuildPhase;
			buildActionMask = 2147483647;
			files = (
			);
			runOnlyForDeploymentPostprocessing = 0;
		};
/* End PBXFrameworksBuildPhase section */

/* Begin PBXGroup section */
		0C43D5731B7E70B400002820 /* icons */ = {
			isa = PBXGroup;
			children = (
				0C43D57E1B7E735700002820 /* iconRandom@2x.png */,
				0C43D57A1B7E725800002820 /* iconRelated@2x.png */,
				0C43D5801B7E73A800002820 /* iconAbout@2x.png */,
				0C43D57C1B7E72CE00002820 /* iconSearch@2x.png */,
				0C43D5781B7E720C00002820 /* iconSaved@2x.png */,
				0C43D5741B7E70B400002820 /* iconAccount@2x.png */,
			);
			path = icons;
			sourceTree = "<group>";
		};
		0C5804651B6FDD1F00D87F12 /* backgrounds */ = {
			isa = PBXGroup;
			children = (
				0C5804681B6FDD1F00D87F12 /* backgroundLights@2x.png */,
				0CC13D181BA24B2200DC0896 /* bgAbout@2x.png */,
				0C00BC751B976805009759DD /* bgCards@2x.png */,
				0CF0C3251B97FE8D00DF7EC0 /* bgCardsGray@2x.png */,
				0C5804691B6FDD1F00D87F12 /* bgCoffee@2x.png */,
				0C58046A1B6FDD1F00D87F12 /* bgLosAngeles@2x.png */,
			);
			path = backgrounds;
			sourceTree = "<group>";
		};
		0C635E9D1B28E4A000343157 /* Reachability */ = {
			isa = PBXGroup;
			children = (
				0C635E9E1B28E4A000343157 /* Reachability.h */,
				0C635E9F1B28E4A000343157 /* Reachability.m */,
				0C635EA01B28E4A000343157 /* SignalCheck.h */,
				0C635EA11B28E4A000343157 /* SignalCheck.m */,
			);
			path = Reachability;
			sourceTree = "<group>";
		};
		0C635EA41B28E4D800343157 /* AFNetworking */ = {
			isa = PBXGroup;
			children = (
				0C635EA51B28E4D800343157 /* AFHTTPRequestOperation.h */,
				0C635EA61B28E4D800343157 /* AFHTTPRequestOperation.m */,
				0C635EA71B28E4D800343157 /* AFHTTPRequestOperationManager.h */,
				0C635EA81B28E4D800343157 /* AFHTTPRequestOperationManager.m */,
				0C635EA91B28E4D800343157 /* AFHTTPSessionManager.h */,
				0C635EAA1B28E4D800343157 /* AFHTTPSessionManager.m */,
				0C635EAB1B28E4D800343157 /* AFNetworking.h */,
				0C635EAC1B28E4D800343157 /* AFNetworkReachabilityManager.h */,
				0C635EAD1B28E4D800343157 /* AFNetworkReachabilityManager.m */,
				0C635EAE1B28E4D800343157 /* AFSecurityPolicy.h */,
				0C635EAF1B28E4D800343157 /* AFSecurityPolicy.m */,
				0C635EB01B28E4D800343157 /* AFURLConnectionOperation.h */,
				0C635EB11B28E4D800343157 /* AFURLConnectionOperation.m */,
				0C635EB21B28E4D800343157 /* AFURLRequestSerialization.h */,
				0C635EB31B28E4D800343157 /* AFURLRequestSerialization.m */,
				0C635EB41B28E4D800343157 /* AFURLResponseSerialization.h */,
				0C635EB51B28E4D800343157 /* AFURLResponseSerialization.m */,
				0C635EB61B28E4D800343157 /* AFURLSessionManager.h */,
				0C635EB71B28E4D800343157 /* AFURLSessionManager.m */,
			);
			path = AFNetworking;
			sourceTree = "<group>";
		};
		0C635EC11B28ED2900343157 /* Device */ = {
			isa = PBXGroup;
			children = (
				0C4AE7731B309D0400EF5429 /* PSDevice.h */,
				0C4AE7741B309D0400EF5429 /* PSDevice.m */,
			);
			path = Device;
			sourceTree = "<group>";
		};
		0C64594E1B0D9EFA00D22151 = {
			isa = PBXGroup;
			children = (
				0C6459591B0D9EFA00D22151 /* PubSavvySwipe */,
				0C6459731B0D9EFA00D22151 /* PubSavvySwipeTests */,
				0C6459581B0D9EFA00D22151 /* Products */,
			);
			sourceTree = "<group>";
		};
		0C6459581B0D9EFA00D22151 /* Products */ = {
			isa = PBXGroup;
			children = (
				0C6459571B0D9EFA00D22151 /* PubSavvySwipe.app */,
				0C6459701B0D9EFA00D22151 /* PubSavvySwipeTests.xctest */,
			);
			name = Products;
			sourceTree = "<group>";
		};
		0C6459591B0D9EFA00D22151 /* PubSavvySwipe */ = {
			isa = PBXGroup;
			children = (
				0CA2BE611B0DA234004B4D81 /* Config.h */,
				0C64595E1B0D9EFA00D22151 /* AppDelegate.h */,
				0C64595F1B0D9EFA00D22151 /* AppDelegate.m */,
				0CA2BE651B0DA2AA004B4D81 /* PSContainerViewController.h */,
				0CA2BE661B0DA2AA004B4D81 /* PSContainerViewController.m */,
				0CC13D121BA2485500DC0896 /* About */,
				0CA3B8201B6FCA95004F61DB /* Profile */,
				0C635EC11B28ED2900343157 /* Device */,
				0CA2BE701B0DA578004B4D81 /* Articles */,
				0C6459801B0DA0DF00D22151 /* BaseClasses */,
				0C6459811B0DA11D00D22151 /* ThirdParty */,
				0C6459821B0DA12600D22151 /* Images */,
				0C6459671B0D9EFA00D22151 /* Images.xcassets */,
				0C64595A1B0D9EFA00D22151 /* Supporting Files */,
			);
			path = PubSavvySwipe;
			sourceTree = "<group>";
		};
		0C64595A1B0D9EFA00D22151 /* Supporting Files */ = {
			isa = PBXGroup;
			children = (
				0C64595B1B0D9EFA00D22151 /* Info.plist */,
				0C64595C1B0D9EFA00D22151 /* main.m */,
			);
			name = "Supporting Files";
			sourceTree = "<group>";
		};
		0C6459731B0D9EFA00D22151 /* PubSavvySwipeTests */ = {
			isa = PBXGroup;
			children = (
				0C6459761B0D9EFA00D22151 /* PubSavvySwipeTests.m */,
				0C6459741B0D9EFA00D22151 /* Supporting Files */,
			);
			path = PubSavvySwipeTests;
			sourceTree = "<group>";
		};
		0C6459741B0D9EFA00D22151 /* Supporting Files */ = {
			isa = PBXGroup;
			children = (
				0C6459751B0D9EFA00D22151 /* Info.plist */,
			);
			name = "Supporting Files";
			sourceTree = "<group>";
		};
		0C6459801B0DA0DF00D22151 /* BaseClasses */ = {
			isa = PBXGroup;
			children = (
				0CA2BE621B0DA277004B4D81 /* PSViewController.h */,
				0CA2BE631B0DA277004B4D81 /* PSViewController.m */,
				0CA2BE681B0DA343004B4D81 /* PSLoadingIndicator.h */,
				0CA2BE691B0DA343004B4D81 /* PSLoadingIndicator.m */,
				0CA2BE6B1B0DA37D004B4D81 /* PSWebServices.h */,
				0CA2BE6C1B0DA37D004B4D81 /* PSWebServices.m */,
				0CB386841B4D01540036F072 /* PSWebViewController.h */,
				0CB386851B4D01540036F072 /* PSWebViewController.m */,
			);
			path = BaseClasses;
			sourceTree = "<group>";
		};
		0C6459811B0DA11D00D22151 /* ThirdParty */ = {
			isa = PBXGroup;
			children = (
				0C635EA41B28E4D800343157 /* AFNetworking */,
				0C635E9D1B28E4A000343157 /* Reachability */,
				0CA2BE7F1B0DB608004B4D81 /* UIView+draggable.h */,
				0CA2BE801B0DB608004B4D81 /* UIView+draggable.m */,
			);
			path = ThirdParty;
			sourceTree = "<group>";
		};
		0C6459821B0DA12600D22151 /* Images */ = {
			isa = PBXGroup;
			children = (
				0C43D5731B7E70B400002820 /* icons */,
				0C5804651B6FDD1F00D87F12 /* backgrounds */,
				0C0892861B7A8D6B00D40207 /* banner@2x.png */,
				0CA2BE761B0DAC8D004B4D81 /* iconHamburger@2x.png */,
				0CA2BE771B0DAC8D004B4D81 /* backArrow@2x.png */,
				0CF0C3211B97F8B100DF7EC0 /* lockOpen@2x.png */,
				0CF0C3231B97FB9D00DF7EC0 /* lockClosed@2x.png */,
				0CA2BE7A1B0DACAA004B4D81 /* dots@2x.png */,
				0CA2BE741B0DABE6004B4D81 /* logo-white@2x.png */,
				0CA2BE6E1B0DA458004B4D81 /* Default-568h@2x.png */,
			);
			path = Images;
			sourceTree = "<group>";
		};
		0CA2BE701B0DA578004B4D81 /* Articles */ = {
			isa = PBXGroup;
			children = (
				0C11D85B1B3497B600ED7C78 /* PSArticle.h */,
				0C11D85C1B3497B600ED7C78 /* PSArticle.m */,
				0CA2BE711B0DA5A9004B4D81 /* PSFeaturedArticlesViewController.h */,
				0CA2BE721B0DA5A9004B4D81 /* PSFeaturedArticlesViewController.m */,
				0CA2BE7C1B0DAEA1004B4D81 /* PSArticleView.h */,
				0CA2BE7D1B0DAEA1004B4D81 /* PSArticleView.m */,
				0C73B8BF1B45EC7500D1099F /* PSSearchViewController.h */,
				0C73B8C01B45EC7500D1099F /* PSSearchViewController.m */,
				0C75EE4A1B9E0B0F0044920A /* PCSearchTermCell.h */,
				0C75EE4B1B9E0B0F0044920A /* PCSearchTermCell.m */,
				0C73B8C21B45F87700D1099F /* PSArticleViewController.h */,
				0C73B8C31B45F87700D1099F /* PSArticleViewController.m */,
				0CA3B81D1B6FB209004F61DB /* PSRelatedViewController.h */,
				0CA3B81E1B6FB209004F61DB /* PSRelatedViewController.m */,
				0C73B8C51B45FD4400D1099F /* PSSavedViewController.h */,
				0C73B8C61B45FD4400D1099F /* PSSavedViewController.m */,
				0C7C59E31B86828000B3793F /* PSArticleCell.h */,
				0C7C59E41B86828000B3793F /* PSArticleCell.m */,
			);
			path = Articles;
			sourceTree = "<group>";
		};
		0CA3B8201B6FCA95004F61DB /* Profile */ = {
			isa = PBXGroup;
			children = (
				0CA3B8211B6FCB4A004F61DB /* PSProfile.h */,
				0CA3B8221B6FCB4A004F61DB /* PSProfile.m */,
				0C5804701B6FDEAC00D87F12 /* PSLoginViewController.h */,
				0C5804711B6FDEAC00D87F12 /* PSLoginViewController.m */,
			);
			path = Profile;
			sourceTree = "<group>";
		};
		0CC13D121BA2485500DC0896 /* About */ = {
			isa = PBXGroup;
			children = (
				0CC13D131BA2487300DC0896 /* PSAboutViewController.h */,
				0CC13D141BA2487300DC0896 /* PSAboutViewController.m */,
			);
			path = About;
			sourceTree = "<group>";
		};
/* End PBXGroup section */

/* Begin PBXNativeTarget section */
		0C6459561B0D9EFA00D22151 /* PubSavvySwipe */ = {
			isa = PBXNativeTarget;
			buildConfigurationList = 0C64597A1B0D9EFA00D22151 /* Build configuration list for PBXNativeTarget "PubSavvySwipe" */;
			buildPhases = (
				0C6459531B0D9EFA00D22151 /* Sources */,
				0C6459541B0D9EFA00D22151 /* Frameworks */,
				0C6459551B0D9EFA00D22151 /* Resources */,
			);
			buildRules = (
			);
			dependencies = (
			);
			name = PubSavvySwipe;
			productName = PubSavvySwipe;
			productReference = 0C6459571B0D9EFA00D22151 /* PubSavvySwipe.app */;
			productType = "com.apple.product-type.application";
		};
		0C64596F1B0D9EFA00D22151 /* PubSavvySwipeTests */ = {
			isa = PBXNativeTarget;
			buildConfigurationList = 0C64597D1B0D9EFA00D22151 /* Build configuration list for PBXNativeTarget "PubSavvySwipeTests" */;
			buildPhases = (
				0C64596C1B0D9EFA00D22151 /* Sources */,
				0C64596D1B0D9EFA00D22151 /* Frameworks */,
				0C64596E1B0D9EFA00D22151 /* Resources */,
			);
			buildRules = (
			);
			dependencies = (
				0C6459721B0D9EFA00D22151 /* PBXTargetDependency */,
			);
			name = PubSavvySwipeTests;
			productName = PubSavvySwipeTests;
			productReference = 0C6459701B0D9EFA00D22151 /* PubSavvySwipeTests.xctest */;
			productType = "com.apple.product-type.bundle.unit-test";
		};
/* End PBXNativeTarget section */

/* Begin PBXProject section */
		0C64594F1B0D9EFA00D22151 /* Project object */ = {
			isa = PBXProject;
			attributes = {
				LastUpgradeCheck = 0610;
				ORGANIZATIONNAME = FrameResearch;
				TargetAttributes = {
					0C6459561B0D9EFA00D22151 = {
						CreatedOnToolsVersion = 6.1;
					};
					0C64596F1B0D9EFA00D22151 = {
						CreatedOnToolsVersion = 6.1;
						TestTargetID = 0C6459561B0D9EFA00D22151;
					};
				};
			};
			buildConfigurationList = 0C6459521B0D9EFA00D22151 /* Build configuration list for PBXProject "PubSavvySwipe" */;
			compatibilityVersion = "Xcode 3.2";
			developmentRegion = English;
			hasScannedForEncodings = 0;
			knownRegions = (
				en,
				Base,
			);
			mainGroup = 0C64594E1B0D9EFA00D22151;
			productRefGroup = 0C6459581B0D9EFA00D22151 /* Products */;
			projectDirPath = "";
			projectRoot = "";
			targets = (
				0C6459561B0D9EFA00D22151 /* PubSavvySwipe */,
				0C64596F1B0D9EFA00D22151 /* PubSavvySwipeTests */,
			);
		};
/* End PBXProject section */

/* Begin PBXResourcesBuildPhase section */
		0C6459551B0D9EFA00D22151 /* Resources */ = {
			isa = PBXResourcesBuildPhase;
			buildActionMask = 2147483647;
			files = (
				0C43D57B1B7E725800002820 /* iconRelated@2x.png in Resources */,
				0CF0C3241B97FB9D00DF7EC0 /* lockClosed@2x.png in Resources */,
				0CA2BE791B0DAC8D004B4D81 /* backArrow@2x.png in Resources */,
				0C58046D1B6FDD1F00D87F12 /* backgroundLights@2x.png in Resources */,
				0C43D57D1B7E72CE00002820 /* iconSearch@2x.png in Resources */,
				0C43D5751B7E70B400002820 /* iconAccount@2x.png in Resources */,
				0CA2BE751B0DABE6004B4D81 /* logo-white@2x.png in Resources */,
				0C6459681B0D9EFA00D22151 /* Images.xcassets in Resources */,
				0CC13D191BA24B2200DC0896 /* bgAbout@2x.png in Resources */,
				0CF0C3261B97FE8D00DF7EC0 /* bgCardsGray@2x.png in Resources */,
				0C58046E1B6FDD1F00D87F12 /* bgCoffee@2x.png in Resources */,
				0C43D5791B7E720C00002820 /* iconSaved@2x.png in Resources */,
				0C0892871B7A8D6B00D40207 /* banner@2x.png in Resources */,
				0CA2BE6F1B0DA458004B4D81 /* Default-568h@2x.png in Resources */,
				0CA2BE7B1B0DACAA004B4D81 /* dots@2x.png in Resources */,
				0C00BC761B976805009759DD /* bgCards@2x.png in Resources */,
				0C43D57F1B7E735700002820 /* iconRandom@2x.png in Resources */,
				0C43D5811B7E73A800002820 /* iconAbout@2x.png in Resources */,
				0C58046F1B6FDD1F00D87F12 /* bgLosAngeles@2x.png in Resources */,
				0CF0C3221B97F8B100DF7EC0 /* lockOpen@2x.png in Resources */,
				0CA2BE781B0DAC8D004B4D81 /* iconHamburger@2x.png in Resources */,
			);
			runOnlyForDeploymentPostprocessing = 0;
		};
		0C64596E1B0D9EFA00D22151 /* Resources */ = {
			isa = PBXResourcesBuildPhase;
			buildActionMask = 2147483647;
			files = (
			);
			runOnlyForDeploymentPostprocessing = 0;
		};
/* End PBXResourcesBuildPhase section */

/* Begin PBXSourcesBuildPhase section */
		0C6459531B0D9EFA00D22151 /* Sources */ = {
			isa = PBXSourcesBuildPhase;
			buildActionMask = 2147483647;
			files = (
				0C635EB81B28E4D800343157 /* AFHTTPRequestOperation.m in Sources */,
				0CA2BE811B0DB608004B4D81 /* UIView+draggable.m in Sources */,
				0C6459601B0D9EFA00D22151 /* AppDelegate.m in Sources */,
				0CA2BE641B0DA277004B4D81 /* PSViewController.m in Sources */,
				0C64595D1B0D9EFA00D22151 /* main.m in Sources */,
				0C7C59E51B86828000B3793F /* PSArticleCell.m in Sources */,
				0C635EC01B28E4D800343157 /* AFURLSessionManager.m in Sources */,
				0C635EBA1B28E4D800343157 /* AFHTTPSessionManager.m in Sources */,
				0C635EA31B28E4A000343157 /* SignalCheck.m in Sources */,
				0CC13D151BA2487300DC0896 /* PSAboutViewController.m in Sources */,
				0C73B8C11B45EC7500D1099F /* PSSearchViewController.m in Sources */,
				0C73B8C71B45FD4400D1099F /* PSSavedViewController.m in Sources */,
				0C635EBB1B28E4D800343157 /* AFNetworkReachabilityManager.m in Sources */,
				0C635EA21B28E4A000343157 /* Reachability.m in Sources */,
				0C75EE4C1B9E0B0F0044920A /* PCSearchTermCell.m in Sources */,
				0CA3B81F1B6FB209004F61DB /* PSRelatedViewController.m in Sources */,
				0C635EBF1B28E4D800343157 /* AFURLResponseSerialization.m in Sources */,
				0C5804721B6FDEAC00D87F12 /* PSLoginViewController.m in Sources */,
				0C635EBE1B28E4D800343157 /* AFURLRequestSerialization.m in Sources */,
				0C635EBD1B28E4D800343157 /* AFURLConnectionOperation.m in Sources */,
				0C11D85D1B3497B600ED7C78 /* PSArticle.m in Sources */,
				0C635EB91B28E4D800343157 /* AFHTTPRequestOperationManager.m in Sources */,
				0CA2BE6D1B0DA37D004B4D81 /* PSWebServices.m in Sources */,
				0CA2BE7E1B0DAEA1004B4D81 /* PSArticleView.m in Sources */,
				0C73B8C41B45F87700D1099F /* PSArticleViewController.m in Sources */,
				0C4AE7751B309D0400EF5429 /* PSDevice.m in Sources */,
				0CA3B8231B6FCB4A004F61DB /* PSProfile.m in Sources */,
				0C635EBC1B28E4D800343157 /* AFSecurityPolicy.m in Sources */,
				0CB386861B4D01540036F072 /* PSWebViewController.m in Sources */,
				0CA2BE731B0DA5A9004B4D81 /* PSFeaturedArticlesViewController.m in Sources */,
				0CA2BE671B0DA2AA004B4D81 /* PSContainerViewController.m in Sources */,
				0CA2BE6A1B0DA343004B4D81 /* PSLoadingIndicator.m in Sources */,
			);
			runOnlyForDeploymentPostprocessing = 0;
		};
		0C64596C1B0D9EFA00D22151 /* Sources */ = {
			isa = PBXSourcesBuildPhase;
			buildActionMask = 2147483647;
			files = (
				0C6459771B0D9EFA00D22151 /* PubSavvySwipeTests.m in Sources */,
			);
			runOnlyForDeploymentPostprocessing = 0;
		};
/* End PBXSourcesBuildPhase section */

/* Begin PBXTargetDependency section */
		0C6459721B0D9EFA00D22151 /* PBXTargetDependency */ = {
			isa = PBXTargetDependency;
			target = 0C6459561B0D9EFA00D22151 /* PubSavvySwipe */;
			targetProxy = 0C6459711B0D9EFA00D22151 /* PBXContainerItemProxy */;
		};
/* End PBXTargetDependency section */

/* Begin XCBuildConfiguration section */
		0C6459781B0D9EFA00D22151 /* Debug */ = {
			isa = XCBuildConfiguration;
			buildSettings = {
				ALWAYS_SEARCH_USER_PATHS = NO;
				CLANG_CXX_LANGUAGE_STANDARD = "gnu++0x";
				CLANG_CXX_LIBRARY = "libc++";
				CLANG_ENABLE_MODULES = YES;
				CLANG_ENABLE_OBJC_ARC = YES;
				CLANG_WARN_BOOL_CONVERSION = YES;
				CLANG_WARN_CONSTANT_CONVERSION = YES;
				CLANG_WARN_DIRECT_OBJC_ISA_USAGE = YES_ERROR;
				CLANG_WARN_EMPTY_BODY = YES;
				CLANG_WARN_ENUM_CONVERSION = YES;
				CLANG_WARN_INT_CONVERSION = YES;
				CLANG_WARN_OBJC_ROOT_CLASS = YES_ERROR;
				CLANG_WARN_UNREACHABLE_CODE = YES;
				CLANG_WARN__DUPLICATE_METHOD_MATCH = YES;
				"CODE_SIGN_IDENTITY[sdk=iphoneos*]" = "iPhone Developer";
				COPY_PHASE_STRIP = NO;
				ENABLE_STRICT_OBJC_MSGSEND = YES;
				GCC_C_LANGUAGE_STANDARD = gnu99;
				GCC_DYNAMIC_NO_PIC = NO;
				GCC_OPTIMIZATION_LEVEL = 0;
				GCC_PREPROCESSOR_DEFINITIONS = (
					"DEBUG=1",
					"$(inherited)",
				);
				GCC_SYMBOLS_PRIVATE_EXTERN = NO;
				GCC_WARN_64_TO_32_BIT_CONVERSION = YES;
				GCC_WARN_ABOUT_RETURN_TYPE = YES_ERROR;
				GCC_WARN_UNDECLARED_SELECTOR = YES;
				GCC_WARN_UNINITIALIZED_AUTOS = YES_AGGRESSIVE;
				GCC_WARN_UNUSED_FUNCTION = YES;
				GCC_WARN_UNUSED_VARIABLE = YES;
				IPHONEOS_DEPLOYMENT_TARGET = 8.1;
				MTL_ENABLE_DEBUG_INFO = YES;
				ONLY_ACTIVE_ARCH = YES;
				SDKROOT = iphoneos;
			};
			name = Debug;
		};
		0C6459791B0D9EFA00D22151 /* Release */ = {
			isa = XCBuildConfiguration;
			buildSettings = {
				ALWAYS_SEARCH_USER_PATHS = NO;
				CLANG_CXX_LANGUAGE_STANDARD = "gnu++0x";
				CLANG_CXX_LIBRARY = "libc++";
				CLANG_ENABLE_MODULES = YES;
				CLANG_ENABLE_OBJC_ARC = YES;
				CLANG_WARN_BOOL_CONVERSION = YES;
				CLANG_WARN_CONSTANT_CONVERSION = YES;
				CLANG_WARN_DIRECT_OBJC_ISA_USAGE = YES_ERROR;
				CLANG_WARN_EMPTY_BODY = YES;
				CLANG_WARN_ENUM_CONVERSION = YES;
				CLANG_WARN_INT_CONVERSION = YES;
				CLANG_WARN_OBJC_ROOT_CLASS = YES_ERROR;
				CLANG_WARN_UNREACHABLE_CODE = YES;
				CLANG_WARN__DUPLICATE_METHOD_MATCH = YES;
				"CODE_SIGN_IDENTITY[sdk=iphoneos*]" = "iPhone Developer";
				COPY_PHASE_STRIP = YES;
				ENABLE_NS_ASSERTIONS = NO;
				ENABLE_STRICT_OBJC_MSGSEND = YES;
				GCC_C_LANGUAGE_STANDARD = gnu99;
				GCC_WARN_64_TO_32_BIT_CONVERSION = YES;
				GCC_WARN_ABOUT_RETURN_TYPE = YES_ERROR;
				GCC_WARN_UNDECLARED_SELECTOR = YES;
				GCC_WARN_UNINITIALIZED_AUTOS = YES_AGGRESSIVE;
				GCC_WARN_UNUSED_FUNCTION = YES;
				GCC_WARN_UNUSED_VARIABLE = YES;
				IPHONEOS_DEPLOYMENT_TARGET = 8.1;
				MTL_ENABLE_DEBUG_INFO = NO;
				SDKROOT = iphoneos;
				VALIDATE_PRODUCT = YES;
			};
			name = Release;
		};
		0C64597B1B0D9EFA00D22151 /* Debug */ = {
			isa = XCBuildConfiguration;
			buildSettings = {
				ASSETCATALOG_COMPILER_APPICON_NAME = AppIcon;
				INFOPLIST_FILE = PubSavvySwipe/Info.plist;
				LD_RUNPATH_SEARCH_PATHS = "$(inherited) @executable_path/Frameworks";
				PRODUCT_NAME = "$(TARGET_NAME)";
			};
			name = Debug;
		};
		0C64597C1B0D9EFA00D22151 /* Release */ = {
			isa = XCBuildConfiguration;
			buildSettings = {
				ASSETCATALOG_COMPILER_APPICON_NAME = AppIcon;
				INFOPLIST_FILE = PubSavvySwipe/Info.plist;
				LD_RUNPATH_SEARCH_PATHS = "$(inherited) @executable_path/Frameworks";
				PRODUCT_NAME = "$(TARGET_NAME)";
			};
			name = Release;
		};
		0C64597E1B0D9EFA00D22151 /* Debug */ = {
			isa = XCBuildConfiguration;
			buildSettings = {
				BUNDLE_LOADER = "$(TEST_HOST)";
				FRAMEWORK_SEARCH_PATHS = (
					"$(SDKROOT)/Developer/Library/Frameworks",
					"$(inherited)",
				);
				GCC_PREPROCESSOR_DEFINITIONS = (
					"DEBUG=1",
					"$(inherited)",
				);
				INFOPLIST_FILE = PubSavvySwipeTests/Info.plist;
				LD_RUNPATH_SEARCH_PATHS = "$(inherited) @executable_path/Frameworks @loader_path/Frameworks";
				PRODUCT_NAME = "$(TARGET_NAME)";
				TEST_HOST = "$(BUILT_PRODUCTS_DIR)/PubSavvySwipe.app/PubSavvySwipe";
			};
			name = Debug;
		};
		0C64597F1B0D9EFA00D22151 /* Release */ = {
			isa = XCBuildConfiguration;
			buildSettings = {
				BUNDLE_LOADER = "$(TEST_HOST)";
				FRAMEWORK_SEARCH_PATHS = (
					"$(SDKROOT)/Developer/Library/Frameworks",
					"$(inherited)",
				);
				INFOPLIST_FILE = PubSavvySwipeTests/Info.plist;
				LD_RUNPATH_SEARCH_PATHS = "$(inherited) @executable_path/Frameworks @loader_path/Frameworks";
				PRODUCT_NAME = "$(TARGET_NAME)";
				TEST_HOST = "$(BUILT_PRODUCTS_DIR)/PubSavvySwipe.app/PubSavvySwipe";
			};
			name = Release;
		};
/* End XCBuildConfiguration section */

/* Begin XCConfigurationList section */
		0C6459521B0D9EFA00D22151 /* Build configuration list for PBXProject "PubSavvySwipe" */ = {
			isa = XCConfigurationList;
			buildConfigurations = (
				0C6459781B0D9EFA00D22151 /* Debug */,
				0C6459791B0D9EFA00D22151 /* Release */,
			);
			defaultConfigurationIsVisible = 0;
			defaultConfigurationName = Release;
		};
		0C64597A1B0D9EFA00D22151 /* Build configuration list for PBXNativeTarget "PubSavvySwipe" */ = {
			isa = XCConfigurationList;
			buildConfigurations = (
				0C64597B1B0D9EFA00D22151 /* Debug */,
				0C64597C1B0D9EFA00D22151 /* Release */,
			);
			defaultConfigurationIsVisible = 0;
			defaultConfigurationName = Release;
		};
		0C64597D1B0D9EFA00D22151 /* Build configuration list for PBXNativeTarget "PubSavvySwipeTests" */ = {
			isa = XCConfigurationList;
			buildConfigurations = (
				0C64597E1B0D9EFA00D22151 /* Debug */,
				0C64597F1B0D9EFA00D22151 /* Release */,
			);
			defaultConfigurationIsVisible = 0;
			defaultConfigurationName = Release;
		};
/* End XCConfigurationList section */
	};
	rootObject = 0C64594F1B0D9EFA00D22151 /* Project object */;
}
